
Microsoft Visual Studio Solution File, Format Version 12.00
# Visual Studio Version 16
VisualStudioVersion = 16.0.31410.357
MinimumVisualStudioVersion = 10.0.40219.1
Project("{9A19103F-16F7-4668-BE54-9A1E7A4F7556}") = "AspAndAngular", "AspAndAngular\AspAndAngular.csproj", "{3A9B67BF-FC44-4DB9-92CB-70AF745E978B}"
EndProject
Project("{9A19103F-16F7-4668-BE54-9A1E7A4F7556}") = "AspAndAngular.Core", "AspAndAngular.Core\AspAndAngular.Core.csproj", "{A69EBDA2-BB25-42E3-A8F1-8DA776812B05}"
EndProject
Project("{FAE04EC0-301F-11D3-BF4B-00C04F79EFBC}") = "AspAndAngular.Infrastructure.EntityFrameworkCore", "AspAndAngular.Infrastructure.EntityFrameworkCore\AspAndAngular.Infrastructure.EntityFrameworkCore.csproj", "{8E7AD3C4-8462-44AE-B9FF-EF0EBAE6E9D2}"
EndProject
Global
	GlobalSection(SolutionConfigurationPlatforms) = preSolution
		Debug|Any CPU = Debug|Any CPU
		Release|Any CPU = Release|Any CPU
	EndGlobalSection
	GlobalSection(ProjectConfigurationPlatforms) = postSolution
		{3A9B67BF-FC44-4DB9-92CB-70AF745E978B}.Debug|Any CPU.ActiveCfg = Debug|Any CPU
		{3A9B67BF-FC44-4DB9-92CB-70AF745E978B}.Debug|Any CPU.Build.0 = Debug|Any CPU
		{3A9B67BF-FC44-4DB9-92CB-70AF745E978B}.Release|Any CPU.ActiveCfg = Release|Any CPU
		{3A9B67BF-FC44-4DB9-92CB-70AF745E978B}.Release|Any CPU.Build.0 = Release|Any CPU
		{A69EBDA2-BB25-42E3-A8F1-8DA776812B05}.Debug|Any CPU.ActiveCfg = Debug|Any CPU
		{A69EBDA2-BB25-42E3-A8F1-8DA776812B05}.Debug|Any CPU.Build.0 = Debug|Any CPU
		{A69EBDA2-BB25-42E3-A8F1-8DA776812B05}.Release|Any CPU.ActiveCfg = Release|Any CPU
		{A69EBDA2-BB25-42E3-A8F1-8DA776812B05}.Release|Any CPU.Build.0 = Release|Any CPU
		{8E7AD3C4-8462-44AE-B9FF-EF0EBAE6E9D2}.Debug|Any CPU.ActiveCfg = Debug|Any CPU
		{8E7AD3C4-8462-44AE-B9FF-EF0EBAE6E9D2}.Debug|Any CPU.Build.0 = Debug|Any CPU
		{8E7AD3C4-8462-44AE-B9FF-EF0EBAE6E9D2}.Release|Any CPU.ActiveCfg = Release|Any CPU
		{8E7AD3C4-8462-44AE-B9FF-EF0EBAE6E9D2}.Release|Any CPU.Build.0 = Release|Any CPU
	EndGlobalSection
	GlobalSection(SolutionProperties) = preSolution
		HideSolutionNode = FALSE
	EndGlobalSection
	GlobalSection(ExtensibilityGlobals) = postSolution
		SolutionGuid = {B1A3CA5E-4050-4575-B8C3-CD04783D40D7}
	EndGlobalSection
EndGlobal
